
Microsoft Visual Studio Solution File, Format Version 12.00
# Visual Studio Version 17
VisualStudioVersion = 17.5.33502.453
MinimumVisualStudioVersion = 10.0.40219.1
Project("{FAE04EC0-301F-11D3-BF4B-00C04F79EFBC}") = "HomeworkClass07", "HomeworkClass07\HomeworkClass07.csproj", "{07C769FB-99F7-4960-B5EA-8C6826061F8E}"
EndProject
Global
	GlobalSection(SolutionConfigurationPlatforms) = preSolution
		Debug|Any CPU = Debug|Any CPU
		Release|Any CPU = Release|Any CPU
	EndGlobalSection
	GlobalSection(ProjectConfigurationPlatforms) = postSolution
		{07C769FB-99F7-4960-B5EA-8C6826061F8E}.Debug|Any CPU.ActiveCfg = Debug|Any CPU
		{07C769FB-99F7-4960-B5EA-8C6826061F8E}.Debug|Any CPU.Build.0 = Debug|Any CPU
		{07C769FB-99F7-4960-B5EA-8C6826061F8E}.Release|Any CPU.ActiveCfg = Release|Any CPU
		{07C769FB-99F7-4960-B5EA-8C6826061F8E}.Release|Any CPU.Build.0 = Release|Any CPU
	EndGlobalSection
	GlobalSection(SolutionProperties) = preSolution
		HideSolutionNode = FALSE
	EndGlobalSection
	GlobalSection(ExtensibilityGlobals) = postSolution
		SolutionGuid = {DF8AA474-D4FD-491A-9370-21A43E76F04D}
	EndGlobalSection
EndGlobal
